
Microsoft Visual Studio Solution File, Format Version 12.00
# Visual Studio Version 16
VisualStudioVersion = 16.0.31112.23
MinimumVisualStudioVersion = 10.0.40219.1
Project("{FAE04EC0-301F-11D3-BF4B-00C04F79EFBC}") = "UniversityInfo", "UniversityInfo\UniversityInfo.csproj", "{E4644AC8-8E70-4950-8E34-836161C1468F}"
EndProject
Global
	GlobalSection(SolutionConfigurationPlatforms) = preSolution
		Debug|Any CPU = Debug|Any CPU
		Release|Any CPU = Release|Any CPU
	EndGlobalSection
	GlobalSection(ProjectConfigurationPlatforms) = postSolution
		{E4644AC8-8E70-4950-8E34-836161C1468F}.Debug|Any CPU.ActiveCfg = Debug|Any CPU
		{E4644AC8-8E70-4950-8E34-836161C1468F}.Debug|Any CPU.Build.0 = Debug|Any CPU
		{E4644AC8-8E70-4950-8E34-836161C1468F}.Release|Any CPU.ActiveCfg = Release|Any CPU
		{E4644AC8-8E70-4950-8E34-836161C1468F}.Release|Any CPU.Build.0 = Release|Any CPU
	EndGlobalSection
	GlobalSection(SolutionProperties) = preSolution
		HideSolutionNode = FALSE
	EndGlobalSection
	GlobalSection(ExtensibilityGlobals) = postSolution
		SolutionGuid = {BEE25B78-2819-4F38-879C-5209CE314F56}
	EndGlobalSection
EndGlobal
